
Microsoft Visual Studio Solution File, Format Version 12.00
# Visual Studio Version 17
VisualStudioVersion = 17.7.34031.279
MinimumVisualStudioVersion = 10.0.40219.1
Project("{9A19103F-16F7-4668-BE54-9A1E7A4F7556}") = "testCREST", "testCREST\testCREST.csproj", "{702E0C40-B35B-4687-804B-E3D15FC35E7B}"
EndProject
Global
	GlobalSection(SolutionConfigurationPlatforms) = preSolution
		Debug|Any CPU = Debug|Any CPU
		Release|Any CPU = Release|Any CPU
	EndGlobalSection
	GlobalSection(ProjectConfigurationPlatforms) = postSolution
		{702E0C40-B35B-4687-804B-E3D15FC35E7B}.Debug|Any CPU.ActiveCfg = Debug|Any CPU
		{702E0C40-B35B-4687-804B-E3D15FC35E7B}.Debug|Any CPU.Build.0 = Debug|Any CPU
		{702E0C40-B35B-4687-804B-E3D15FC35E7B}.Release|Any CPU.ActiveCfg = Release|Any CPU
		{702E0C40-B35B-4687-804B-E3D15FC35E7B}.Release|Any CPU.Build.0 = Release|Any CPU
	EndGlobalSection
	GlobalSection(SolutionProperties) = preSolution
		HideSolutionNode = FALSE
	EndGlobalSection
	GlobalSection(ExtensibilityGlobals) = postSolution
		SolutionGuid = {77FCB76B-6808-484B-AC98-2B95082C34D8}
	EndGlobalSection
EndGlobal
